
Microsoft Visual Studio Solution File, Format Version 12.00
# Visual Studio 15
VisualStudioVersion = 15.0.28010.2003
MinimumVisualStudioVersion = 10.0.40219.1
Project("{FAE04EC0-301F-11D3-BF4B-00C04F79EFBC}") = "Alpha", "Alpha\Alpha.csproj", "{E11E1508-F936-4F10-96D1-FB19D33F2578}"
EndProject
Global
	GlobalSection(SolutionConfigurationPlatforms) = preSolution
		Debug|Any CPU = Debug|Any CPU
		Release|Any CPU = Release|Any CPU
	EndGlobalSection
	GlobalSection(ProjectConfigurationPlatforms) = postSolution
		{E11E1508-F936-4F10-96D1-FB19D33F2578}.Debug|Any CPU.ActiveCfg = Debug|Any CPU
		{E11E1508-F936-4F10-96D1-FB19D33F2578}.Debug|Any CPU.Build.0 = Debug|Any CPU
		{E11E1508-F936-4F10-96D1-FB19D33F2578}.Release|Any CPU.ActiveCfg = Release|Any CPU
		{E11E1508-F936-4F10-96D1-FB19D33F2578}.Release|Any CPU.Build.0 = Release|Any CPU
	EndGlobalSection
	GlobalSection(SolutionProperties) = preSolution
		HideSolutionNode = FALSE
	EndGlobalSection
	GlobalSection(ExtensibilityGlobals) = postSolution
		SolutionGuid = {043D1552-0B5C-4E82-9372-1E3766C54F2C}
	EndGlobalSection
EndGlobal
